
Microsoft Visual Studio Solution File, Format Version 12.00
# Visual Studio Version 17
VisualStudioVersion = 17.11.35303.130
MinimumVisualStudioVersion = 10.0.40219.1
Project("{FAE04EC0-301F-11D3-BF4B-00C04F79EFBC}") = "Calculators", "Calculators\Calculators.csproj", "{AF279246-6040-48E6-B8ED-60C81FE22D33}"
EndProject
Project("{2150E333-8FDC-42A3-9474-1A3956D46DE8}") = ".github", ".github", "{4667FB4F-F736-4372-ACA5-2493C522E31A}"
EndProject
Project("{2150E333-8FDC-42A3-9474-1A3956D46DE8}") = "workflows", "workflows", "{8D6C1AAE-566C-4F33-A061-BB8475C33FC0}"
	ProjectSection(SolutionItems) = preProject
		package-publish.yml = package-publish.yml
	EndProjectSection
EndProject
Global
	GlobalSection(SolutionConfigurationPlatforms) = preSolution
		Debug|Any CPU = Debug|Any CPU
		Release|Any CPU = Release|Any CPU
	EndGlobalSection
	GlobalSection(ProjectConfigurationPlatforms) = postSolution
		{AF279246-6040-48E6-B8ED-60C81FE22D33}.Debug|Any CPU.ActiveCfg = Debug|Any CPU
		{AF279246-6040-48E6-B8ED-60C81FE22D33}.Debug|Any CPU.Build.0 = Debug|Any CPU
		{AF279246-6040-48E6-B8ED-60C81FE22D33}.Release|Any CPU.ActiveCfg = Release|Any CPU
		{AF279246-6040-48E6-B8ED-60C81FE22D33}.Release|Any CPU.Build.0 = Release|Any CPU
	EndGlobalSection
	GlobalSection(SolutionProperties) = preSolution
		HideSolutionNode = FALSE
	EndGlobalSection
	GlobalSection(NestedProjects) = preSolution
		{8D6C1AAE-566C-4F33-A061-BB8475C33FC0} = {4667FB4F-F736-4372-ACA5-2493C522E31A}
	EndGlobalSection
	GlobalSection(ExtensibilityGlobals) = postSolution
		SolutionGuid = {F88A6141-94E3-478F-B80F-AF34E94010D9}
	EndGlobalSection
EndGlobal
